
Microsoft Visual Studio Solution File, Format Version 12.00
# Visual Studio Version 17
VisualStudioVersion = 17.5.002.0
MinimumVisualStudioVersion = 10.0.40219.1
Project("{9A19103F-16F7-4668-BE54-9A1E7A4F7556}") = "Starter", "Starter.csproj", "{0C060A06-3E17-41B3-960E-42C21DB1936A}"
EndProject
Global
	GlobalSection(SolutionConfigurationPlatforms) = preSolution
		Debug|Any CPU = Debug|Any CPU
		Release|Any CPU = Release|Any CPU
	EndGlobalSection
	GlobalSection(ProjectConfigurationPlatforms) = postSolution
		{0C060A06-3E17-41B3-960E-42C21DB1936A}.Debug|Any CPU.ActiveCfg = Debug|Any CPU
		{0C060A06-3E17-41B3-960E-42C21DB1936A}.Debug|Any CPU.Build.0 = Debug|Any CPU
		{0C060A06-3E17-41B3-960E-42C21DB1936A}.Release|Any CPU.ActiveCfg = Release|Any CPU
		{0C060A06-3E17-41B3-960E-42C21DB1936A}.Release|Any CPU.Build.0 = Release|Any CPU
	EndGlobalSection
	GlobalSection(SolutionProperties) = preSolution
		HideSolutionNode = FALSE
	EndGlobalSection
	GlobalSection(ExtensibilityGlobals) = postSolution
		SolutionGuid = {46825985-4BEC-46F8-8CDE-3FD0DE8FD2CD}
	EndGlobalSection
EndGlobal
