
Microsoft Visual Studio Solution File, Format Version 12.00
# Visual Studio Version 17
VisualStudioVersion = 17.5.002.0
MinimumVisualStudioVersion = 10.0.40219.1
Project("{9A19103F-16F7-4668-BE54-9A1E7A4F7556}") = "DoWhile", "DoWhile\DoWhile.csproj", "{46D33DF2-5259-4F5D-A157-0D8FC2155C88}"
EndProject
Global
	GlobalSection(SolutionConfigurationPlatforms) = preSolution
		Debug|Any CPU = Debug|Any CPU
		Release|Any CPU = Release|Any CPU
	EndGlobalSection
	GlobalSection(ProjectConfigurationPlatforms) = postSolution
		{46D33DF2-5259-4F5D-A157-0D8FC2155C88}.Debug|Any CPU.ActiveCfg = Debug|Any CPU
		{46D33DF2-5259-4F5D-A157-0D8FC2155C88}.Debug|Any CPU.Build.0 = Debug|Any CPU
		{46D33DF2-5259-4F5D-A157-0D8FC2155C88}.Release|Any CPU.ActiveCfg = Release|Any CPU
		{46D33DF2-5259-4F5D-A157-0D8FC2155C88}.Release|Any CPU.Build.0 = Release|Any CPU
	EndGlobalSection
	GlobalSection(SolutionProperties) = preSolution
		HideSolutionNode = FALSE
	EndGlobalSection
	GlobalSection(ExtensibilityGlobals) = postSolution
		SolutionGuid = {C7B2FE99-FE98-4F59-9677-1E4F4315918B}
	EndGlobalSection
EndGlobal
