
Microsoft Visual Studio Solution File, Format Version 12.00
# Visual Studio Version 17
VisualStudioVersion = 17.5.002.0
MinimumVisualStudioVersion = 10.0.40219.1
Project("{9A19103F-16F7-4668-BE54-9A1E7A4F7556}") = "forLoop", "forLoop.csproj", "{0A69DFAC-79DC-40B8-B29F-C826241E73E1}"
EndProject
Global
	GlobalSection(SolutionConfigurationPlatforms) = preSolution
		Debug|Any CPU = Debug|Any CPU
		Release|Any CPU = Release|Any CPU
	EndGlobalSection
	GlobalSection(ProjectConfigurationPlatforms) = postSolution
		{0A69DFAC-79DC-40B8-B29F-C826241E73E1}.Debug|Any CPU.ActiveCfg = Debug|Any CPU
		{0A69DFAC-79DC-40B8-B29F-C826241E73E1}.Debug|Any CPU.Build.0 = Debug|Any CPU
		{0A69DFAC-79DC-40B8-B29F-C826241E73E1}.Release|Any CPU.ActiveCfg = Release|Any CPU
		{0A69DFAC-79DC-40B8-B29F-C826241E73E1}.Release|Any CPU.Build.0 = Release|Any CPU
	EndGlobalSection
	GlobalSection(SolutionProperties) = preSolution
		HideSolutionNode = FALSE
	EndGlobalSection
	GlobalSection(ExtensibilityGlobals) = postSolution
		SolutionGuid = {E87B74E2-ECE2-48CE-AC6A-3D05B84BCF06}
	EndGlobalSection
EndGlobal
